
Microsoft Visual Studio Solution File, Format Version 12.00
# Visual Studio Version 17
VisualStudioVersion = 17.2.32616.157
MinimumVisualStudioVersion = 10.0.40219.1
Project("{FAE04EC0-301F-11D3-BF4B-00C04F79EFBC}") = "Controladores", "Controladores\Controladores.csproj", "{F1EB65D7-37BF-4C83-9547-EE3076BE82E6}"
EndProject
Project("{FAE04EC0-301F-11D3-BF4B-00C04F79EFBC}") = "Vista", "Vista\Vista.csproj", "{42509CC8-2F19-4F17-9691-5E8D418D949C}"
EndProject
Global
	GlobalSection(SolutionConfigurationPlatforms) = preSolution
		Debug|Any CPU = Debug|Any CPU
		Release|Any CPU = Release|Any CPU
	EndGlobalSection
	GlobalSection(ProjectConfigurationPlatforms) = postSolution
		{F1EB65D7-37BF-4C83-9547-EE3076BE82E6}.Debug|Any CPU.ActiveCfg = Debug|Any CPU
		{F1EB65D7-37BF-4C83-9547-EE3076BE82E6}.Debug|Any CPU.Build.0 = Debug|Any CPU
		{F1EB65D7-37BF-4C83-9547-EE3076BE82E6}.Release|Any CPU.ActiveCfg = Release|Any CPU
		{F1EB65D7-37BF-4C83-9547-EE3076BE82E6}.Release|Any CPU.Build.0 = Release|Any CPU
		{42509CC8-2F19-4F17-9691-5E8D418D949C}.Debug|Any CPU.ActiveCfg = Debug|Any CPU
		{42509CC8-2F19-4F17-9691-5E8D418D949C}.Debug|Any CPU.Build.0 = Debug|Any CPU
		{42509CC8-2F19-4F17-9691-5E8D418D949C}.Release|Any CPU.ActiveCfg = Release|Any CPU
		{42509CC8-2F19-4F17-9691-5E8D418D949C}.Release|Any CPU.Build.0 = Release|Any CPU
	EndGlobalSection
	GlobalSection(SolutionProperties) = preSolution
		HideSolutionNode = FALSE
	EndGlobalSection
	GlobalSection(ExtensibilityGlobals) = postSolution
		SolutionGuid = {6E46E841-8FD7-468D-9CA7-793914E77D29}
	EndGlobalSection
EndGlobal
